
Microsoft Visual Studio Solution File, Format Version 12.00
# Visual Studio Version 17
VisualStudioVersion = 17.0.31903.59
MinimumVisualStudioVersion = 10.0.40219.1
Project("{2150E333-8FDC-42A3-9474-1A3956D46DE8}") = "src", "src", "{827E0CD3-B72D-47B6-A68D-7590B98EB39B}"
EndProject
Project("{FAE04EC0-301F-11D3-BF4B-00C04F79EFBC}") = "Chirp.Web", "src\Chirp.Web\Chirp.Web.csproj", "{8991C2A3-4245-4557-A531-7BEDD16A5330}"
EndProject
Project("{2150E333-8FDC-42A3-9474-1A3956D46DE8}") = "test", "test", "{0C88DD14-F956-CE84-757C-A364CCF449FC}"
EndProject
Project("{FAE04EC0-301F-11D3-BF4B-00C04F79EFBC}") = "UnitTests", "test\UnitTests\UnitTests.csproj", "{CF948033-CAEA-4185-895C-BA845A75DF10}"
EndProject
Project("{FAE04EC0-301F-11D3-BF4B-00C04F79EFBC}") = "Chirp.Infrastructure", "src\Chirp.Infrastructure\Chirp.Infrastructure.csproj", "{14A76D42-0A1C-4010-8FA0-2E8AFF2D52C3}"
EndProject
Project("{FAE04EC0-301F-11D3-BF4B-00C04F79EFBC}") = "Chirp.Core", "src\Chirp.Core\Chirp.Core.csproj", "{E514B715-2442-4764-A24F-51D092922861}"
EndProject
Project("{FAE04EC0-301F-11D3-BF4B-00C04F79EFBC}") = "IntegrationTests", "test\IntegrationTests\IntegrationTests.csproj", "{59FB097F-7334-4D46-9076-F3D11F6D9D4C}"
EndProject
Global
	GlobalSection(SolutionConfigurationPlatforms) = preSolution
		Debug|Any CPU = Debug|Any CPU
		Debug|x64 = Debug|x64
		Debug|x86 = Debug|x86
		Release|Any CPU = Release|Any CPU
		Release|x64 = Release|x64
		Release|x86 = Release|x86
	EndGlobalSection
	GlobalSection(ProjectConfigurationPlatforms) = postSolution
		{8991C2A3-4245-4557-A531-7BEDD16A5330}.Debug|Any CPU.ActiveCfg = Debug|Any CPU
		{8991C2A3-4245-4557-A531-7BEDD16A5330}.Debug|Any CPU.Build.0 = Debug|Any CPU
		{8991C2A3-4245-4557-A531-7BEDD16A5330}.Debug|x64.ActiveCfg = Debug|Any CPU
		{8991C2A3-4245-4557-A531-7BEDD16A5330}.Debug|x64.Build.0 = Debug|Any CPU
		{8991C2A3-4245-4557-A531-7BEDD16A5330}.Debug|x86.ActiveCfg = Debug|Any CPU
		{8991C2A3-4245-4557-A531-7BEDD16A5330}.Debug|x86.Build.0 = Debug|Any CPU
		{8991C2A3-4245-4557-A531-7BEDD16A5330}.Release|Any CPU.ActiveCfg = Release|Any CPU
		{8991C2A3-4245-4557-A531-7BEDD16A5330}.Release|Any CPU.Build.0 = Release|Any CPU
		{8991C2A3-4245-4557-A531-7BEDD16A5330}.Release|x64.ActiveCfg = Release|Any CPU
		{8991C2A3-4245-4557-A531-7BEDD16A5330}.Release|x64.Build.0 = Release|Any CPU
		{8991C2A3-4245-4557-A531-7BEDD16A5330}.Release|x86.ActiveCfg = Release|Any CPU
		{8991C2A3-4245-4557-A531-7BEDD16A5330}.Release|x86.Build.0 = Release|Any CPU
		{CF948033-CAEA-4185-895C-BA845A75DF10}.Debug|Any CPU.ActiveCfg = Debug|Any CPU
		{CF948033-CAEA-4185-895C-BA845A75DF10}.Debug|Any CPU.Build.0 = Debug|Any CPU
		{CF948033-CAEA-4185-895C-BA845A75DF10}.Debug|x64.ActiveCfg = Debug|Any CPU
		{CF948033-CAEA-4185-895C-BA845A75DF10}.Debug|x64.Build.0 = Debug|Any CPU
		{CF948033-CAEA-4185-895C-BA845A75DF10}.Debug|x86.ActiveCfg = Debug|Any CPU
		{CF948033-CAEA-4185-895C-BA845A75DF10}.Debug|x86.Build.0 = Debug|Any CPU
		{CF948033-CAEA-4185-895C-BA845A75DF10}.Release|Any CPU.ActiveCfg = Release|Any CPU
		{CF948033-CAEA-4185-895C-BA845A75DF10}.Release|Any CPU.Build.0 = Release|Any CPU
		{CF948033-CAEA-4185-895C-BA845A75DF10}.Release|x64.ActiveCfg = Release|Any CPU
		{CF948033-CAEA-4185-895C-BA845A75DF10}.Release|x64.Build.0 = Release|Any CPU
		{CF948033-CAEA-4185-895C-BA845A75DF10}.Release|x86.ActiveCfg = Release|Any CPU
		{CF948033-CAEA-4185-895C-BA845A75DF10}.Release|x86.Build.0 = Release|Any CPU
		{14A76D42-0A1C-4010-8FA0-2E8AFF2D52C3}.Debug|Any CPU.ActiveCfg = Debug|Any CPU
		{14A76D42-0A1C-4010-8FA0-2E8AFF2D52C3}.Debug|Any CPU.Build.0 = Debug|Any CPU
		{14A76D42-0A1C-4010-8FA0-2E8AFF2D52C3}.Debug|x64.ActiveCfg = Debug|Any CPU
		{14A76D42-0A1C-4010-8FA0-2E8AFF2D52C3}.Debug|x64.Build.0 = Debug|Any CPU
		{14A76D42-0A1C-4010-8FA0-2E8AFF2D52C3}.Debug|x86.ActiveCfg = Debug|Any CPU
		{14A76D42-0A1C-4010-8FA0-2E8AFF2D52C3}.Debug|x86.Build.0 = Debug|Any CPU
		{14A76D42-0A1C-4010-8FA0-2E8AFF2D52C3}.Release|Any CPU.ActiveCfg = Release|Any CPU
		{14A76D42-0A1C-4010-8FA0-2E8AFF2D52C3}.Release|Any CPU.Build.0 = Release|Any CPU
		{14A76D42-0A1C-4010-8FA0-2E8AFF2D52C3}.Release|x64.ActiveCfg = Release|Any CPU
		{14A76D42-0A1C-4010-8FA0-2E8AFF2D52C3}.Release|x64.Build.0 = Release|Any CPU
		{14A76D42-0A1C-4010-8FA0-2E8AFF2D52C3}.Release|x86.ActiveCfg = Release|Any CPU
		{14A76D42-0A1C-4010-8FA0-2E8AFF2D52C3}.Release|x86.Build.0 = Release|Any CPU
		{E514B715-2442-4764-A24F-51D092922861}.Debug|Any CPU.ActiveCfg = Debug|Any CPU
		{E514B715-2442-4764-A24F-51D092922861}.Debug|Any CPU.Build.0 = Debug|Any CPU
		{E514B715-2442-4764-A24F-51D092922861}.Debug|x64.ActiveCfg = Debug|Any CPU
		{E514B715-2442-4764-A24F-51D092922861}.Debug|x64.Build.0 = Debug|Any CPU
		{E514B715-2442-4764-A24F-51D092922861}.Debug|x86.ActiveCfg = Debug|Any CPU
		{E514B715-2442-4764-A24F-51D092922861}.Debug|x86.Build.0 = Debug|Any CPU
		{E514B715-2442-4764-A24F-51D092922861}.Release|Any CPU.ActiveCfg = Release|Any CPU
		{E514B715-2442-4764-A24F-51D092922861}.Release|Any CPU.Build.0 = Release|Any CPU
		{E514B715-2442-4764-A24F-51D092922861}.Release|x64.ActiveCfg = Release|Any CPU
		{E514B715-2442-4764-A24F-51D092922861}.Release|x64.Build.0 = Release|Any CPU
		{E514B715-2442-4764-A24F-51D092922861}.Release|x86.ActiveCfg = Release|Any CPU
		{E514B715-2442-4764-A24F-51D092922861}.Release|x86.Build.0 = Release|Any CPU
		{59FB097F-7334-4D46-9076-F3D11F6D9D4C}.Debug|Any CPU.ActiveCfg = Debug|Any CPU
		{59FB097F-7334-4D46-9076-F3D11F6D9D4C}.Debug|Any CPU.Build.0 = Debug|Any CPU
		{59FB097F-7334-4D46-9076-F3D11F6D9D4C}.Debug|x64.ActiveCfg = Debug|Any CPU
		{59FB097F-7334-4D46-9076-F3D11F6D9D4C}.Debug|x64.Build.0 = Debug|Any CPU
		{59FB097F-7334-4D46-9076-F3D11F6D9D4C}.Debug|x86.ActiveCfg = Debug|Any CPU
		{59FB097F-7334-4D46-9076-F3D11F6D9D4C}.Debug|x86.Build.0 = Debug|Any CPU
		{59FB097F-7334-4D46-9076-F3D11F6D9D4C}.Release|Any CPU.ActiveCfg = Release|Any CPU
		{59FB097F-7334-4D46-9076-F3D11F6D9D4C}.Release|Any CPU.Build.0 = Release|Any CPU
		{59FB097F-7334-4D46-9076-F3D11F6D9D4C}.Release|x64.ActiveCfg = Release|Any CPU
		{59FB097F-7334-4D46-9076-F3D11F6D9D4C}.Release|x64.Build.0 = Release|Any CPU
		{59FB097F-7334-4D46-9076-F3D11F6D9D4C}.Release|x86.ActiveCfg = Release|Any CPU
		{59FB097F-7334-4D46-9076-F3D11F6D9D4C}.Release|x86.Build.0 = Release|Any CPU
	EndGlobalSection
	GlobalSection(SolutionProperties) = preSolution
		HideSolutionNode = FALSE
	EndGlobalSection
	GlobalSection(NestedProjects) = preSolution
		{8991C2A3-4245-4557-A531-7BEDD16A5330} = {827E0CD3-B72D-47B6-A68D-7590B98EB39B}
		{CF948033-CAEA-4185-895C-BA845A75DF10} = {0C88DD14-F956-CE84-757C-A364CCF449FC}
		{14A76D42-0A1C-4010-8FA0-2E8AFF2D52C3} = {827E0CD3-B72D-47B6-A68D-7590B98EB39B}
		{E514B715-2442-4764-A24F-51D092922861} = {827E0CD3-B72D-47B6-A68D-7590B98EB39B}
		{59FB097F-7334-4D46-9076-F3D11F6D9D4C} = {0C88DD14-F956-CE84-757C-A364CCF449FC}
	EndGlobalSection
EndGlobal
